#MicroXplorer Configuration settings - do not modify
ADC2.Channel-0\#ChannelRegularConversion=ADC_CHANNEL_14
ADC2.IPParameters=Rank-0\#ChannelRegularConversion,Channel-0\#ChannelRegularConversion,SamplingTime-0\#ChannelRegularConversion,OffsetNumber-0\#ChannelRegularConversion,Offset-0\#ChannelRegularConversion,NbrOfConversionFlag
ADC2.NbrOfConversionFlag=1
ADC2.Offset-0\#ChannelRegularConversion=0
ADC2.OffsetNumber-0\#ChannelRegularConversion=ADC_OFFSET_NONE
ADC2.Rank-0\#ChannelRegularConversion=1
ADC2.SamplingTime-0\#ChannelRegularConversion=ADC_SAMPLETIME_1CYCLE_5
File.Version=6
I2C1.IPParameters=OwnAddress
I2C1.OwnAddress=15
KeepUserPlacement=false
Mcu.Family=STM32F3
Mcu.IP0=ADC2
Mcu.IP1=I2C1
Mcu.IP2=NVIC
Mcu.IP3=RCC
Mcu.IP4=SYS
Mcu.IP5=TIM1
Mcu.IP6=TIM2
Mcu.IP7=TIM3
Mcu.IP8=USART2
Mcu.IPNb=9
Mcu.Name=STM32F303R(D-E)Tx
Mcu.Package=LQFP64
Mcu.Pin0=PC15-OSC32_OUT
Mcu.Pin1=PC0
Mcu.Pin10=PB1
Mcu.Pin11=PB2
Mcu.Pin12=PB11
Mcu.Pin13=PB12
Mcu.Pin14=PB13
Mcu.Pin15=PC6
Mcu.Pin16=PC9
Mcu.Pin17=PA9
Mcu.Pin18=PA10
Mcu.Pin19=PC10
Mcu.Pin2=PA2
Mcu.Pin20=PC12
Mcu.Pin21=PB4
Mcu.Pin22=PB6
Mcu.Pin23=PB7
Mcu.Pin24=PB8
Mcu.Pin25=VP_SYS_VS_Systick
Mcu.Pin26=VP_TIM1_VS_ClockSourceINT
Mcu.Pin27=VP_TIM2_VS_ClockSourceINT
Mcu.Pin3=PA3
Mcu.Pin4=PA4
Mcu.Pin5=PA5
Mcu.Pin6=PA6
Mcu.Pin7=PA7
Mcu.Pin8=PC5
Mcu.Pin9=PB0
Mcu.PinsNb=28
Mcu.ThirdPartyNb=0
Mcu.UserConstants=
Mcu.UserName=STM32F303RETx
MxCube.Version=5.4.0
MxDb.Version=DB.5.0.40
NVIC.BusFault_IRQn=true\:0\:0\:false\:false\:true\:false\:false
NVIC.DebugMonitor_IRQn=true\:0\:0\:false\:false\:true\:false\:false
NVIC.EXTI15_10_IRQn=true\:0\:0\:false\:false\:true\:true\:true
NVIC.EXTI4_IRQn=true\:0\:0\:false\:false\:true\:true\:true
NVIC.EXTI9_5_IRQn=true\:0\:0\:false\:false\:true\:true\:true
NVIC.ForceEnableDMAVector=true
NVIC.HardFault_IRQn=true\:0\:0\:false\:false\:true\:false\:false
NVIC.I2C1_EV_IRQn=true\:1\:0\:true\:false\:true\:true\:true
NVIC.MemoryManagement_IRQn=true\:0\:0\:false\:false\:true\:false\:false
NVIC.NonMaskableInt_IRQn=true\:0\:0\:false\:false\:true\:false\:false
NVIC.PendSV_IRQn=true\:0\:0\:false\:false\:true\:false\:false
NVIC.PriorityGroup=NVIC_PRIORITYGROUP_4
NVIC.SVCall_IRQn=true\:0\:0\:false\:false\:true\:false\:false
NVIC.SysTick_IRQn=true\:0\:0\:false\:false\:true\:false\:true
NVIC.TIM2_IRQn=true\:0\:0\:false\:false\:true\:true\:true
NVIC.UsageFault_IRQn=true\:0\:0\:false\:false\:true\:false\:false
PA10.Locked=true
PA10.Signal=S_TIM1_CH3
PA2.Locked=true
PA2.Mode=Asynchronous
PA2.Signal=USART2_TX
PA3.Locked=true
PA3.Mode=Asynchronous
PA3.Signal=USART2_RX
PA4.Locked=true
PA4.Signal=S_TIM3_CH2
PA5.Locked=true
PA5.Signal=SPI1_SCK
PA6.Locked=true
PA6.Signal=SPI1_MISO
PA7.Locked=true
PA7.Signal=SPI1_MOSI
PA9.Locked=true
PA9.Signal=S_TIM1_CH2
PB0.Locked=true
PB0.Signal=TIM1_CH2N
PB1.Locked=true
PB1.Signal=TIM1_CH3N
PB11.Locked=true
PB11.Mode=IN14-Single-Ended
PB11.Signal=ADC2_IN14
PB12.GPIOParameters=GPIO_PuPd
PB12.GPIO_PuPd=GPIO_PULLUP
PB12.Locked=true
PB12.Signal=GPIO_Output
PB13.Locked=true
PB13.Signal=TIM1_CH1N
PB2.Locked=true
PB2.Mode=IN12-Single-Ended
PB2.Signal=ADC2_IN12
PB4.GPIOParameters=GPIO_PuPd
PB4.GPIO_PuPd=GPIO_NOPULL
PB4.Locked=true
PB4.Signal=GPXTI4
PB6.Locked=true
PB6.Mode=I2C
PB6.Signal=I2C1_SCL
PB7.Locked=true
PB7.Mode=I2C
PB7.Signal=I2C1_SDA
PB8.Locked=true
PB8.Signal=GPXTI8
PC0.Locked=true
PC0.Signal=S_TIM1_CH1
PC10.Locked=true
PC10.Signal=GPXTI10
PC12.Locked=true
PC12.Signal=GPXTI12
PC15-OSC32_OUT.GPIOParameters=GPIO_PuPd
PC15-OSC32_OUT.GPIO_PuPd=GPIO_PULLDOWN
PC15-OSC32_OUT.Locked=true
PC15-OSC32_OUT.Signal=GPIO_Output
PC5.Locked=true
PC5.Mode=IN11-Single-Ended
PC5.Signal=ADC2_IN11
PC6.Locked=true
PC6.Signal=S_TIM3_CH1
PC9.Locked=true
PC9.Signal=GPXTI9
PCC.Checker=false
PCC.Line=STM32F303
PCC.MCU=STM32F303R(D-E)Tx
PCC.PartNumber=STM32F303RETx
PCC.Seq0=0
PCC.Series=STM32F3
PCC.Temperature=25
PCC.Vdd=3.6
PinOutPanel.RotationAngle=0
ProjectManager.AskForMigrate=true
ProjectManager.BackupPrevious=false
ProjectManager.CompilerOptimize=6
ProjectManager.ComputerToolchain=false
ProjectManager.CoupleFile=false
ProjectManager.CustomerFirmwarePackage=
ProjectManager.DefaultFWLocation=true
ProjectManager.DeletePrevious=true
ProjectManager.DeviceId=STM32F303RETx
ProjectManager.FirmwarePackage=STM32Cube FW_F3 V1.11.0
ProjectManager.FreePins=false
ProjectManager.HalAssertFull=false
ProjectManager.HeapSize=0x200
ProjectManager.KeepUserCode=true
ProjectManager.LastFirmware=true
ProjectManager.LibraryCopy=1
ProjectManager.MainLocation=Core/Src
ProjectManager.NoMain=false
ProjectManager.PreviousToolchain=
ProjectManager.ProjectBuild=false
ProjectManager.ProjectFileName=final.ioc
ProjectManager.ProjectName=final
ProjectManager.StackSize=0x400
ProjectManager.TargetToolchain=STM32CubeIDE
ProjectManager.ToolChainLocation=
ProjectManager.UnderRoot=true
ProjectManager.functionlistsort=1-SystemClock_Config-RCC-false-HAL-false
RCC.ADC12outputFreq_Value=64000000
RCC.ADC34outputFreq_Value=64000000
RCC.AHBFreq_Value=64000000
RCC.APB1CLKDivider=RCC_HCLK_DIV2
RCC.APB1Freq_Value=32000000
RCC.APB1TimFreq_Value=64000000
RCC.APB2Freq_Value=64000000
RCC.APB2TimFreq_Value=64000000
RCC.CortexFreq_Value=64000000
RCC.FCLKCortexFreq_Value=64000000
RCC.FamilyName=M
RCC.HCLKFreq_Value=64000000
RCC.HSE_VALUE=8000000
RCC.HSI_VALUE=8000000
RCC.I2C1Freq_Value=8000000
RCC.I2C2Freq_Value=8000000
RCC.I2C3Freq_Value=8000000
RCC.I2SClocksFreq_Value=64000000
RCC.IPParameters=ADC12outputFreq_Value,ADC34outputFreq_Value,AHBFreq_Value,APB1CLKDivider,APB1Freq_Value,APB1TimFreq_Value,APB2Freq_Value,APB2TimFreq_Value,CortexFreq_Value,FCLKCortexFreq_Value,FamilyName,HCLKFreq_Value,HSE_VALUE,HSI_VALUE,I2C1Freq_Value,I2C2Freq_Value,I2C3Freq_Value,I2SClocksFreq_Value,LSE_VALUE,LSI_VALUE,MCOFreq_Value,PLLCLKFreq_Value,PLLMCOFreq_Value,PLLMUL,RTCFreq_Value,RTCHSEDivFreq_Value,SYSCLKFreq_VALUE,SYSCLKSourceVirtual,TIM15Freq_Value,TIM16Freq_Value,TIM17Freq_Value,TIM1Freq_Value,TIM1Selection,TIM2Freq_Value,TIM3Freq_Value,TIM8Freq_Value,UART4Freq_Value,UART5Freq_Value,USART1Freq_Value,USART2Freq_Value,USART3Freq_Value,USBFreq_Value,VCOOutput2Freq_Value
RCC.LSE_VALUE=32768
RCC.LSI_VALUE=40000
RCC.MCOFreq_Value=64000000
RCC.PLLCLKFreq_Value=64000000
RCC.PLLMCOFreq_Value=64000000
RCC.PLLMUL=RCC_PLL_MUL8
RCC.RTCFreq_Value=40000
RCC.RTCHSEDivFreq_Value=250000
RCC.SYSCLKFreq_VALUE=64000000
RCC.SYSCLKSourceVirtual=RCC_SYSCLKSOURCE_PLLCLK
RCC.TIM15Freq_Value=64000000
RCC.TIM16Freq_Value=64000000
RCC.TIM17Freq_Value=64000000
RCC.TIM1Freq_Value=128000000
RCC.TIM1Selection=RCC_TIM1CLK_PLLCLK
RCC.TIM2Freq_Value=64000000
RCC.TIM3Freq_Value=64000000
RCC.TIM8Freq_Value=64000000
RCC.UART4Freq_Value=32000000
RCC.UART5Freq_Value=32000000
RCC.USART1Freq_Value=64000000
RCC.USART2Freq_Value=32000000
RCC.USART3Freq_Value=32000000
RCC.USBFreq_Value=64000000
RCC.VCOOutput2Freq_Value=8000000
SH.GPXTI10.0=GPIO_EXTI10
SH.GPXTI10.ConfNb=1
SH.GPXTI12.0=GPIO_EXTI12
SH.GPXTI12.ConfNb=1
SH.GPXTI4.0=GPIO_EXTI4
SH.GPXTI4.ConfNb=1
SH.GPXTI8.0=GPIO_EXTI8
SH.GPXTI8.ConfNb=1
SH.GPXTI9.0=GPIO_EXTI9
SH.GPXTI9.ConfNb=1
SH.S_TIM1_CH1.0=TIM1_CH1
SH.S_TIM1_CH1.ConfNb=1
SH.S_TIM1_CH2.0=TIM1_CH2
SH.S_TIM1_CH2.ConfNb=1
SH.S_TIM1_CH3.0=TIM1_CH3
SH.S_TIM1_CH3.ConfNb=1
SH.S_TIM3_CH1.0=TIM3_CH1,Encoder_Interface
SH.S_TIM3_CH1.ConfNb=1
SH.S_TIM3_CH2.0=TIM3_CH2,Encoder_Interface
SH.S_TIM3_CH2.ConfNb=1
TIM2.CounterMode=TIM_COUNTERMODE_DOWN
TIM2.IPParameters=CounterMode,Period
TIM2.Period=32000
TIM3.EncoderMode=TIM_ENCODERMODE_TI12
TIM3.IC1Filter=10
TIM3.IC2Filter=10
TIM3.IPParameters=Period,EncoderMode,IC1Filter,IC2Filter
TIM3.Period=65535
USART2.BaudRate=115200
USART2.IPParameters=VirtualMode-Asynchronous,BaudRate
USART2.VirtualMode-Asynchronous=VM_ASYNC
VP_SYS_VS_Systick.Mode=SysTick
VP_SYS_VS_Systick.Signal=SYS_VS_Systick
VP_TIM1_VS_ClockSourceINT.Mode=Internal
VP_TIM1_VS_ClockSourceINT.Signal=TIM1_VS_ClockSourceINT
VP_TIM2_VS_ClockSourceINT.Mode=Internal
VP_TIM2_VS_ClockSourceINT.Signal=TIM2_VS_ClockSourceINT
board=custom
isbadioc=false
